
Microsoft Visual Studio Solution File, Format Version 12.00
# Visual Studio 15
VisualStudioVersion = 15.0.26403.0
MinimumVisualStudioVersion = 10.0.40219.1
Project("{FAE04EC0-301F-11D3-BF4B-00C04F79EFBC}") = "DSED-01-App", "DSED-01-App\DSED-01-App.csproj", "{46B9D791-2AC1-4AA3-BE6B-8E5DC96F677E}"
EndProject
Project("{FAE04EC0-301F-11D3-BF4B-00C04F79EFBC}") = "UnitTestDSED-01", "UnitTestDSED-01\UnitTestDSED-01.csproj", "{29009605-98E9-41F7-9637-63456BEDA3A7}"
EndProject
Global
	GlobalSection(SolutionConfigurationPlatforms) = preSolution
		Debug|Any CPU = Debug|Any CPU
		Release|Any CPU = Release|Any CPU
	EndGlobalSection
	GlobalSection(ProjectConfigurationPlatforms) = postSolution
		{46B9D791-2AC1-4AA3-BE6B-8E5DC96F677E}.Debug|Any CPU.ActiveCfg = Debug|Any CPU
		{46B9D791-2AC1-4AA3-BE6B-8E5DC96F677E}.Debug|Any CPU.Build.0 = Debug|Any CPU
		{46B9D791-2AC1-4AA3-BE6B-8E5DC96F677E}.Release|Any CPU.ActiveCfg = Release|Any CPU
		{46B9D791-2AC1-4AA3-BE6B-8E5DC96F677E}.Release|Any CPU.Build.0 = Release|Any CPU
		{29009605-98E9-41F7-9637-63456BEDA3A7}.Debug|Any CPU.ActiveCfg = Debug|Any CPU
		{29009605-98E9-41F7-9637-63456BEDA3A7}.Debug|Any CPU.Build.0 = Debug|Any CPU
		{29009605-98E9-41F7-9637-63456BEDA3A7}.Release|Any CPU.ActiveCfg = Release|Any CPU
		{29009605-98E9-41F7-9637-63456BEDA3A7}.Release|Any CPU.Build.0 = Release|Any CPU
	EndGlobalSection
	GlobalSection(SolutionProperties) = preSolution
		HideSolutionNode = FALSE
	EndGlobalSection
EndGlobal
